
Microsoft Visual Studio Solution File, Format Version 12.00
# Visual Studio Version 17
VisualStudioVersion = 17.3.32819.101
MinimumVisualStudioVersion = 10.0.40219.1
Project("{FAE04EC0-301F-11D3-BF4B-00C04F79EFBC}") = "RakendusteLoomine_Valkrusman", "RakendusteLoomine_Valkrusman\RakendusteLoomine_Valkrusman.csproj", "{15E71848-6FEC-47AD-854A-26BAD8701DEF}"
EndProject
Global
	GlobalSection(SolutionConfigurationPlatforms) = preSolution
		Debug|Any CPU = Debug|Any CPU
		Release|Any CPU = Release|Any CPU
	EndGlobalSection
	GlobalSection(ProjectConfigurationPlatforms) = postSolution
		{15E71848-6FEC-47AD-854A-26BAD8701DEF}.Debug|Any CPU.ActiveCfg = Debug|Any CPU
		{15E71848-6FEC-47AD-854A-26BAD8701DEF}.Debug|Any CPU.Build.0 = Debug|Any CPU
		{15E71848-6FEC-47AD-854A-26BAD8701DEF}.Release|Any CPU.ActiveCfg = Release|Any CPU
		{15E71848-6FEC-47AD-854A-26BAD8701DEF}.Release|Any CPU.Build.0 = Release|Any CPU
	EndGlobalSection
	GlobalSection(SolutionProperties) = preSolution
		HideSolutionNode = FALSE
	EndGlobalSection
	GlobalSection(ExtensibilityGlobals) = postSolution
		SolutionGuid = {70B900D6-3750-4D35-960A-F30F8A426106}
	EndGlobalSection
EndGlobal
